
Microsoft Visual Studio Solution File, Format Version 12.00
Project("{FAE04EC0-301F-11D3-BF4B-00C04F79EFBC}") = "chess_server", "chess_server.csproj", "{A829CB9B-F226-4E8D-9973-103209B248E6}"
EndProject
Project("{FAE04EC0-301F-11D3-BF4B-00C04F79EFBC}") = "chess_shared", "..\chess_shared\chess_shared.csproj", "{17EEF8A3-9BBC-48ED-98B3-D041977E3515}"
EndProject
Global
	GlobalSection(SolutionConfigurationPlatforms) = preSolution
		Debug|Any CPU = Debug|Any CPU
		Release|Any CPU = Release|Any CPU
	EndGlobalSection
	GlobalSection(ProjectConfigurationPlatforms) = postSolution
		{A829CB9B-F226-4E8D-9973-103209B248E6}.Debug|Any CPU.ActiveCfg = Debug|Any CPU
		{A829CB9B-F226-4E8D-9973-103209B248E6}.Debug|Any CPU.Build.0 = Debug|Any CPU
		{A829CB9B-F226-4E8D-9973-103209B248E6}.Release|Any CPU.ActiveCfg = Release|Any CPU
		{A829CB9B-F226-4E8D-9973-103209B248E6}.Release|Any CPU.Build.0 = Release|Any CPU
		{17EEF8A3-9BBC-48ED-98B3-D041977E3515}.Debug|Any CPU.ActiveCfg = Debug|Any CPU
		{17EEF8A3-9BBC-48ED-98B3-D041977E3515}.Debug|Any CPU.Build.0 = Debug|Any CPU
		{17EEF8A3-9BBC-48ED-98B3-D041977E3515}.Release|Any CPU.ActiveCfg = Release|Any CPU
		{17EEF8A3-9BBC-48ED-98B3-D041977E3515}.Release|Any CPU.Build.0 = Release|Any CPU
	EndGlobalSection
EndGlobal
